{
    "_meta": {
        "hash": {
            "sha256": "1bb939b1604c0657ea549d970334bc812a1ed79da1f62edeafd0b216bff157cc"
        },
        "pipfile-spec": 6,
        "requires": {
            "python_version": "3.5"
        },
        "sources": [
            {
                "name": "pypi",
                "url": "https://pypi.tuna.tsinghua.edu.cn/simple",
                "verify_ssl": true
            }
        ]
    },
    "default": {
        "certifi": {
            "hashes": [
                "sha256:376690d6f16d32f9d1fe8932551d80b23e9d393a8578c5633a2ed39a64861638",
                "sha256:456048c7e371c089d0a77a5212fb37a2c2dce1e24146e3b7e0261736aaeaa22a"
            ],
            "version": "==2018.8.24"
        },
        "chardet": {
            "hashes": [
                "sha256:84ab92ed1c4d4f16916e05906b6b75a6c0fb5db821cc65e70cbd64a3e2a5eaae",
                "sha256:fc323ffcaeaed0e0a02bf4d117757b98aed530d9ed4531e3e15460124c106691"
            ],
            "version": "==3.0.4"
        },
        "click": {
            "hashes": [
                "sha256:29f99fc6125fbc931b758dc053b3114e55c77a6e4c6c3a2674a2dc986016381d",
                "sha256:f15516df478d5a56180fbf80e68f206010e6d160fc39fa508b65e035fd75130b"
            ],
            "version": "==6.7"
        },
        "dukpy": {
            "hashes": [
                "sha256:0f85faca6d32044ac64347965c4d3e8c19c92df03d40ca9bf93ae38dfefba8d4",
                "sha256:1ca72a30adae4e5dccb870586e47efb9dc62948bba1a2bc4de901daa69e85ced",
                "sha256:259e73b6d2ee2e588c682411620aa73c2b3666165a9993d2197bf10571da2f44",
                "sha256:25c44076371dd2c7c2677d9febd36d526112f15871ccaa8489465b849a091913",
                "sha256:2e6868a56a167a53f9cd54faf4a4e788c800413eb87912d13511adef8d0ff194",
                "sha256:35e51b7a21b93d7521f68825af3693f6cc89456154df7fe201af5268bc84018e",
                "sha256:3ae50a560248f8aa6c2ea344bbf084931500c35c11ebf1d2af209657f27a8f4a",
                "sha256:42867ca64351c945d41ccf0decd268b61e0bc626a1456efa08f1ee3ee1f1aacf",
                "sha256:4666452afd7055bfa1c722fb0083d59489ed97f50ea853fdf50d7774a16c434d",
                "sha256:5331e75bb3466d81363d863d75663e88805713ff921692a6848cd58bb61d1939",
                "sha256:53f2262a160997e845c524f028d5aa8287c67dd9c84aaefbb1c39087b69d9850",
                "sha256:6193f6dd51f7938d11e71a2a17850805e57c3d8e4ce5a3126201f27cf69e5e23",
                "sha256:633fb249e4c377df6f8013bbf676e94004f854a8785b944eca11ce80c4b65f77",
                "sha256:68de6cdfd36e85551d4057fcc612224dab76f1a8878fde7688d0a16e681fa963",
                "sha256:69ab6473da569925a960c420f8b3c5c7d0ec739ecc1d54cfc018596f1eca4743",
                "sha256:6d6647da006469eb3b75c7f5f9bae46e82da2f673c77d73c5ca84204c5ba210e",
                "sha256:859422978d025befe42da44125e8511b41287994ac5c2d982034f8a9558f356d",
                "sha256:8f6e333ff0b01f0645fe1469a1883844f3a53a028de4a47b999c423b8de13991",
                "sha256:9bdd9751d3d3e80b4898fa33ab3d225a4c32ede8e6125121b5f7ac15e63a6eda",
                "sha256:a879961a2c917a6ab77259b4e93a6cfb9b78a5831d07dd12a660b9abc5da920a",
                "sha256:bb4334da4ff128fc2a592695d2352ba2286e839eaa55ab39aba77eeee2953635",
                "sha256:d45ee6c0008149575c53c358bd1832c98752ce31dcc299b4bcfd43a074c3a1a8",
                "sha256:ee3b3c6462b06b87eefe298dea9b8bff05c77cc25cb8ebd5c5ff2f553971a464"
            ],
            "version": "==0.2.0"
        },
        "echarts-china-cities-pypkg": {
            "hashes": [
                "sha256:0ea99c31b05b93f241514f58f00969b054072a24ce8a08d82f5669ab6e22379c"
            ],
            "index": "pypi",
            "version": "==0.0.8"
        },
        "echarts-china-provinces-pypkg": {
            "hashes": [
                "sha256:f89825922b56a9f8861601b4716809b0eb7fcc71fc91ba05dc3a5d003a0ed53d"
            ],
            "index": "pypi",
            "version": "==0.0.2"
        },
        "echarts-countries-pypkg": {
            "hashes": [
                "sha256:38aa5cb499b4d4515bb483165cd8eeba0a3d16f53150f2671ca1eb825ff1cc00"
            ],
            "index": "pypi",
            "version": "==0.1.4"
        },
        "flask": {
            "hashes": [
                "sha256:2ea22336f6d388b4b242bc3abf8a01244a8aa3e236e7407469ef78c16ba355dd",
                "sha256:6c02dbaa5a9ef790d8219bdced392e2d549c10cd5a5ba4b6aa65126b2271af29"
            ],
            "index": "pypi",
            "version": "==0.12.4"
        },
        "future": {
            "hashes": [
                "sha256:e39ced1ab767b5936646cedba8bcce582398233d6a627067d4c6a454c90cfedb"
            ],
            "version": "==0.16.0"
        },
        "gunicorn": {
            "hashes": [
                "sha256:aa8e0b40b4157b36a5df5e599f45c9c76d6af43845ba3b3b0efe2c70473c2471",
                "sha256:fa2662097c66f920f53f70621c6c58ca4a3c4d3434205e608e121b5b3b71f4f3"
            ],
            "index": "pypi",
            "version": "==19.9.0"
        },
        "idna": {
            "hashes": [
                "sha256:156a6814fb5ac1fc6850fb002e0852d56c0c8d2531923a51032d1b70760e186e",
                "sha256:684a38a6f903c1d71d6d5fac066b58d7768af4de2b832e426ec79c30daa94a16"
            ],
            "version": "==2.7"
        },
        "itsdangerous": {
            "hashes": [
                "sha256:cbb3fcf8d3e33df861709ecaf89d9e6629cff0a217bc2848f1b41cd30d360519"
            ],
            "version": "==0.24"
        },
        "javascripthon": {
            "hashes": [
                "sha256:95fc362624513c5f0ec0ee0f355cf26807621da6fb94af94b0cf0ed313e4e957"
            ],
            "markers": "python_version > '3.4'",
            "version": "==0.10"
        },
        "jieba": {
            "hashes": [
                "sha256:de385e48582a4862e55a9167334d0fbe91d479026e5dac40e59e22c08b8e883e"
            ],
            "index": "pypi",
            "version": "==0.39"
        },
        "jinja2": {
            "hashes": [
                "sha256:74c935a1b8bb9a3947c50a54766a969d4846290e1e788ea44c1392163723c3bd",
                "sha256:f84be1bb0040caca4cea721fcbbbbd61f9be9464ca236387158b0feea01914a4"
            ],
            "version": "==2.10"
        },
        "jupyter-echarts-pypkg": {
            "hashes": [
                "sha256:e2043280aae6c4e4e2923f5c3b46544e4f1557e9e8a0c960195fae13ee9af05b"
            ],
            "version": "==0.1.2"
        },
        "lml": {
            "hashes": [
                "sha256:b01e5ce68d767aacac8c856f14a5cd01229c2bf1e17992af800dc879b349f570",
                "sha256:be66096d0c845bcabbbcaf772b2ba21e9cdb6e23e88b6cb32613fa8d89d535a9"
            ],
            "version": "==0.0.2"
        },
        "macropy3": {
            "hashes": [
                "sha256:7a8eae9886ea4a5df4fcf4f71f53165b82becfc7fc87d9c1c8cd2196f22d9408"
            ],
            "markers": "python_version ~= '3.4'",
            "version": "==1.1.0b2"
        },
        "markupsafe": {
            "hashes": [
                "sha256:a6be69091dac236ea9c6bc7d012beab42010fa914c459791d627dad4910eb665"
            ],
            "version": "==1.0"
        },
        "pillow": {
            "hashes": [
                "sha256:00def5b638994f888d1058e4d17c86dec8e1113c3741a0a8a659039aec59a83a",
                "sha256:026449b64e559226cdb8e6d8c931b5965d8fc90ec18ebbb0baa04c5b36503c72",
                "sha256:03dbb224ee196ef30ed2156d41b579143e1efeb422974719a5392fc035e4f574",
                "sha256:03eb0e04f929c102ae24bc436bf1c0c60a4e63b07ebd388e84d8b219df3e6acd",
                "sha256:1be66b9a89e367e7d20d6cae419794997921fe105090fafd86ef39e20a3baab2",
                "sha256:1e977a3ed998a599bda5021fb2c2889060617627d3ae228297a529a082a3cd5c",
                "sha256:22cf3406d135cfcc13ec6228ade774c8461e125c940e80455f500638429be273",
                "sha256:24adccf1e834f82718c7fc8e3ec1093738da95144b8b1e44c99d5fc7d3e9c554",
                "sha256:2a3e362c97a5e6a259ee9cd66553292a1f8928a5bdfa3622fdb1501570834612",
                "sha256:3832e26ecbc9d8a500821e3a1d3765bda99d04ae29ffbb2efba49f5f788dc934",
                "sha256:4fd1f0c2dc02aaec729d91c92cd85a2df0289d88e9f68d1e8faba750bb9c4786",
                "sha256:4fda62030f2c515b6e2e673c57caa55cb04026a81968f3128aae10fc28e5cc27",
                "sha256:5044d75a68b49ce36a813c82d8201384207112d5d81643937fc758c05302f05b",
                "sha256:522184556921512ec484cb93bd84e0bab915d0ac5a372d49571c241a7f73db62",
                "sha256:5914cff11f3e920626da48e564be6818831713a3087586302444b9c70e8552d9",
                "sha256:6661a7908d68c4a133e03dac8178287aa20a99f841ea90beeb98a233ae3fd710",
                "sha256:79258a8df3e309a54c7ef2ef4a59bb8e28f7e4a8992a3ad17c24b1889ced44f3",
                "sha256:7d74c20b8f1c3e99d3f781d3b8ff5abfefdd7363d61e23bdeba9992ff32cc4b4",
                "sha256:81918afeafc16ba5d9d0d4e9445905f21aac969a4ebb6f2bff4b9886da100f4b",
                "sha256:8194d913ca1f459377c8a4ed8f9b7ad750068b8e0e3f3f9c6963fcc87a84515f",
                "sha256:84d5d31200b11b3c76fab853b89ac898bf2d05c8b3da07c1fcc23feb06359d6e",
                "sha256:989981db57abffb52026b114c9a1f114c7142860a6d30a352d28f8cbf186500b",
                "sha256:a3d7511d3fad1618a82299aab71a5fceee5c015653a77ffea75ced9ef917e71a",
                "sha256:b3ef168d4d6fd4fa6685aef7c91400f59f7ab1c0da734541f7031699741fb23f",
                "sha256:c1c5792b6e74bbf2af0f8e892272c2a6c48efa895903211f11b8342e03129fea",
                "sha256:c5dcb5a56aebb8a8f2585042b2f5c496d7624f0bcfe248f0cc33ceb2fd8d39e7",
                "sha256:e2bed4a04e2ca1050bb5f00865cf2f83c0b92fd62454d9244f690fcd842e27a4",
                "sha256:e87a527c06319428007e8c30511e1f0ce035cb7f14bb4793b003ed532c3b9333",
                "sha256:f63e420180cbe22ff6e32558b612e75f50616fc111c5e095a4631946c782e109",
                "sha256:f8b3d413c5a8f84b12cd4c5df1d8e211777c9852c6be3ee9c094b626644d3eab"
            ],
            "markers": "python_version != '3.1.*' and python_version != '3.3.*' and python_version != '3.0.*' and python_version != '3.2.*' and python_version >= '2.7'",
            "version": "==5.2.0"
        },
        "pyecharts": {
            "hashes": [
                "sha256:4a4c3e187931b3eaf6c91fe6ac8b6982778598853347e728b866fec93c3c4c4e"
            ],
            "index": "pypi",
            "version": "==0.5.6"
        },
        "pyecharts-javascripthon": {
            "hashes": [
                "sha256:5710fe129137c1b8102ece4090e3c3e06c00ae7290ed108e774cb1663313b347",
                "sha256:d5559266d7545089843e055cb10d5779308a6e4e05641b8eea9ce2132e3d47fa"
            ],
            "version": "==0.0.6"
        },
        "pyecharts-jupyter-installer": {
            "hashes": [
                "sha256:8d00c6459bf73d7dda657f576322fd9b3b0f112e23407b819fcdb65311e588b5",
                "sha256:f2f051d0706c7a859a6359db4908d197fcb59b7d12484460af698ad6158c28f4"
            ],
            "version": "==0.0.3"
        },
        "pymongo": {
            "hashes": [
                "sha256:08dea6dbff33363419af7af3bf2e9a373ff71eb22833dd7063f9b953f09a0bdf",
                "sha256:0949110db76eb1b54cecfc0c0f8468a8b9a7fd42ba23fd0d4a37d97e0b4ca203",
                "sha256:0c31a39f440801cc8603547ccaacf4cb1f02b81af6ba656621c13677b27f4426",
                "sha256:1e10b3fda5677d360440ebd12a1185944dc81d9ea9acf0c6b0681013b3fb9bc2",
                "sha256:1f59440b993666a417ba1954cfb1b7fb11cb4dea1a1d2777897009f688d000ee",
                "sha256:2b5a3806d9f656c14e9d9b693a344fc5684fdd045155594be0c505c6e9410a94",
                "sha256:4a14e2d7c2c0e07b5affcfbfc5c395d767f94bb1a822934a41a3b5371cde1458",
                "sha256:4cb50541225208b37786fdb0de632e475c4f00ec4792579df551ef48d6999d69",
                "sha256:52999666ad01de885653e1f74a86c2a6520d1004afec475180bebf3d7393a8fc",
                "sha256:562c353079e8ce7e2ad611fd7436a72f5df97be72bca59ae9ebf789a724afd5c",
                "sha256:5ce2a71f473f4703daa8d6c61a00b35ce625a7f5015b4371e3af728dafca296a",
                "sha256:6613e633676168a4500e5e6bb6e3e64d3fdb96d2dc472eb4b99235fb4141adb1",
                "sha256:8330406f294df118399c721f80979f2516447bcc73e4262826687872c864751e",
                "sha256:8e939dfa7d16609b99eb4d1fd2fc74f7a90f4fd0aaf31d611822daaff456236f",
                "sha256:8fa4303e1f50d9f0c8f2f7833b5a370a94d19d41449def62b34ae072126b4dfd",
                "sha256:966d987975aa3b4cfcdf1495930ff6ecb152fafe8e544e40633e41b24ca3e1c5",
                "sha256:aec4ea43a1b8e9782246a259410f66692f2d3aa0f03c54477e506193b0781cb6",
                "sha256:b73f889f032fbef05863f5056b46468a8262ae83628898e20b10bbbb79a3617e",
                "sha256:b752088a2f819f163d11dfdbbe627b27eef9d8478c7e57d42c5e7c600fee434e",
                "sha256:c8669f96277f140797e0ff99f80bd706271674942672a38ed694e2bfa66f3900",
                "sha256:ccf00549efaf6f8d5b35b654beb9aed2b788a5b33b05606eb818ddaa4e924ea3",
                "sha256:ce7c91463ad21ac72fc795188292b01c8366cf625e2d1e5ed473ce127b844f60",
                "sha256:d776d8d47884e6ad39ff8a301f1ae6b7d2186f209218cf024f43334dbba79c64",
                "sha256:dab0f63841aebb2b421fadb31f3c7eef27898f21274a8e5b45c4f2bccb40f9ed",
                "sha256:daedcfbf3b24b2b687e35b33252a9315425c2dd06a085a36906d516135bdd60e",
                "sha256:e7ad1ec621db2c5ad47924f63561f75abfd4fff669c62c8cc99c169c90432f59",
                "sha256:f14fb6c4058772a0d74d82874d3b89d7264d89b4ed7fa0413ea0ef8112b268b9",
                "sha256:f16c7b6b98bc400d180f05e65e2236ef4ee9d71f3815280558582670e1e67536",
                "sha256:f2d9eb92b26600ae6e8092f66da4bcede1b61a647c9080d6b44c148aff3a8ea4",
                "sha256:ffe94f9d17800610dda5282d7f6facfc216d79a93dd728a03d2f21cff3af7cc6"
            ],
            "index": "pypi",
            "version": "==3.7.1"
        },
        "redis": {
            "hashes": [
                "sha256:8a1900a9f2a0a44ecf6e8b5eb3e967a9909dfed219ad66df094f27f7d6f330fb",
                "sha256:a22ca993cea2962dbb588f9f30d0015ac4afcc45bee27d3978c0dbe9e97c6c0f"
            ],
            "index": "pypi",
            "version": "==2.10.6"
        },
        "requests": {
            "hashes": [
                "sha256:63b52e3c866428a224f97cab011de738c36aec0185aa91cfacd418b5d58911d1",
                "sha256:ec22d826a36ed72a7358ff3fe56cbd4ba69dd7a6718ffd450ff0e9df7a47ce6a"
            ],
            "index": "pypi",
            "version": "==2.19.1"
        },
        "urllib3": {
            "hashes": [
                "sha256:a68ac5e15e76e7e5dd2b8f94007233e01effe3e50e8daddf69acfd81cb686baf",
                "sha256:b5725a0bd4ba422ab0e66e89e030c806576753ea3ee08554382c14e685d117b5"
            ],
            "markers": "python_version != '3.3.*' and python_version != '3.0.*' and python_version < '4' and python_version != '3.1.*' and python_version != '3.2.*' and python_version >= '2.6'",
            "version": "==1.23"
        },
        "werkzeug": {
            "hashes": [
                "sha256:c3fd7a7d41976d9f44db327260e263132466836cef6f91512889ed60ad26557c",
                "sha256:d5da73735293558eb1651ee2fddc4d0dedcfa06538b8813a2e20011583c9e49b"
            ],
            "version": "==0.14.1"
        }
    },
    "develop": {}
}
